<?xml version="1.0" encoding="utf-8"?>
<Project ToolsVersion="4.0" xmlns="http://schemas.microsoft.com/developer/msbuild/2003">
  <ItemGroup>
    <Filter Include="리소스 파일">
      <UniqueIdentifier>{67DA6AB6-F800-4c08-8B7A-83BB121AAD01}</UniqueIdentifier>
      <Extensions>rc;ico;cur;bmp;dlg;rc2;rct;bin;rgs;gif;jpg;jpeg;jpe;resx;tiff;tif;png;wav;mfcribbon-ms</Extensions>
    </Filter>
    <Filter Include="GameServer">
      <UniqueIdentifier>{a3f66a2f-a6cf-486b-9548-c83197974030}</UniqueIdentifier>
    </Filter>
    <Filter Include="Define">
      <UniqueIdentifier>{3ecd20a7-108e-4965-a3b7-63c9035bf90c}</UniqueIdentifier>
    </Filter>
    <Filter Include="Define\PCH">
      <UniqueIdentifier>{4FC737F1-C7A5-4376-A066-2A32D752A2FF}</UniqueIdentifier>
      <Extensions>cpp;c;cc;cxx;def;odl;idl;hpj;bat;asm;asmx</Extensions>
    </Filter>
    <Filter Include="GameServer\Zone">
      <UniqueIdentifier>{561e16c5-d6a2-4aad-ad3f-b7ed162a14b2}</UniqueIdentifier>
    </Filter>
    <Filter Include="Others">
      <UniqueIdentifier>{58d3a35a-d44d-4f2f-8454-853cd0d6c496}</UniqueIdentifier>
    </Filter>
    <Filter Include="Others\UserData">
      <UniqueIdentifier>{233cb163-fdac-4d99-9ace-81319f84441b}</UniqueIdentifier>
    </Filter>
    <Filter Include="Others\Memory">
      <UniqueIdentifier>{f052244d-703e-432b-855a-280ee59a2e7a}</UniqueIdentifier>
    </Filter>
    <Filter Include="Others\SendMemoryPool">
      <UniqueIdentifier>{d340e160-0190-45fa-b1d5-354209d1b254}</UniqueIdentifier>
    </Filter>
    <Filter Include="Others\SocketInfo">
      <UniqueIdentifier>{61436111-4ecf-411d-9180-0c18c6947a1c}</UniqueIdentifier>
    </Filter>
    <Filter Include="GameServer\Zone\ConnectManager">
      <UniqueIdentifier>{35037509-3041-411c-83d5-b76a750aff41}</UniqueIdentifier>
    </Filter>
    <Filter Include="Others\ClientContUnit">
      <UniqueIdentifier>{a174d95b-145c-4fd4-8348-8dc3688e4b7d}</UniqueIdentifier>
    </Filter>
    <Filter Include="GameServer\Zone\MoveManager">
      <UniqueIdentifier>{2123bc64-3588-4544-abc0-b47caa350bee}</UniqueIdentifier>
    </Filter>
    <Filter Include="GameServer\Zone\Sector">
      <UniqueIdentifier>{c963e516-c674-4445-8339-8c6eaf888ef5}</UniqueIdentifier>
    </Filter>
  </ItemGroup>
  <ItemGroup>
    <ClCompile Include="pch.cpp">
      <Filter>Define\PCH</Filter>
    </ClCompile>
    <ClCompile Include="Server.cpp" />
    <ClCompile Include="GameServer.cpp">
      <Filter>GameServer</Filter>
    </ClCompile>
    <ClCompile Include="UserData.cpp">
      <Filter>Others\UserData</Filter>
    </ClCompile>
    <ClCompile Include="MoveManager.cpp">
      <Filter>GameServer\Zone\MoveManager</Filter>
    </ClCompile>
    <ClCompile Include="ServerDefine.cpp">
      <Filter>Define</Filter>
    </ClCompile>
    <ClCompile Include="Define.cpp">
      <Filter>Define</Filter>
    </ClCompile>
    <ClCompile Include="SocketInfo.cpp">
      <Filter>Others\SocketInfo</Filter>
    </ClCompile>
    <ClCompile Include="MemoryUnit.cpp">
      <Filter>Others\Memory</Filter>
    </ClCompile>
    <ClCompile Include="SendMemoryPool.cpp">
      <Filter>Others\SendMemoryPool</Filter>
    </ClCompile>
    <ClCompile Include="ConnectManager.cpp">
      <Filter>GameServer\Zone\ConnectManager</Filter>
    </ClCompile>
    <ClCompile Include="Sector.cpp">
      <Filter>GameServer\Zone\Sector</Filter>
    </ClCompile>
    <ClCompile Include="ClientContUnit.cpp">
      <Filter>Others\ClientContUnit</Filter>
    </ClCompile>
    <ClCompile Include="Zone.cpp">
      <Filter>GameServer\Zone</Filter>
    </ClCompile>
  </ItemGroup>
  <ItemGroup>
    <ClInclude Include="pch.h">
      <Filter>Define\PCH</Filter>
    </ClInclude>
    <ClInclude Include="GameServer.h">
      <Filter>GameServer</Filter>
    </ClInclude>
    <ClInclude Include="SocketInfo.h">
      <Filter>Others\SocketInfo</Filter>
    </ClInclude>
    <ClInclude Include="UserData.h">
      <Filter>Others\UserData</Filter>
    </ClInclude>
    <ClInclude Include="MoveManager.h">
      <Filter>GameServer\Zone\MoveManager</Filter>
    </ClInclude>
    <ClInclude Include="Define.h">
      <Filter>Define</Filter>
    </ClInclude>
    <ClInclude Include="ServerDefine.h">
      <Filter>Define</Filter>
    </ClInclude>
    <ClInclude Include="MemoryUnit.h">
      <Filter>Others\Memory</Filter>
    </ClInclude>
    <ClInclude Include="SendMemoryPool.h">
      <Filter>Others\SendMemoryPool</Filter>
    </ClInclude>
    <ClInclude Include="ConnectManager.h">
      <Filter>GameServer\Zone\ConnectManager</Filter>
    </ClInclude>
    <ClInclude Include="Sector.h">
      <Filter>GameServer\Zone\Sector</Filter>
    </ClInclude>
    <ClInclude Include="ClientContUnit.h">
      <Filter>Others\ClientContUnit</Filter>
    </ClInclude>
    <ClInclude Include="Zone.h">
      <Filter>GameServer\Zone</Filter>
    </ClInclude>
    <ClInclude Include="ToDo.hpp" />
  </ItemGroup>
  <ItemGroup>
    <None Include="InHeaderDefine.hh">
      <Filter>Define</Filter>
    </None>
  </ItemGroup>
</Project>